
Microsoft Visual Studio Solution File, Format Version 12.00
# Visual Studio Version 17
VisualStudioVersion = 17.6.33829.357
MinimumVisualStudioVersion = 10.0.40219.1
Project("{FAE04EC0-301F-11D3-BF4B-00C04F79EFBC}") = "Demo1", "Demo1.csproj", "{CE6248E6-4784-455E-9725-96221AC4AA9A}"
EndProject
Global
	GlobalSection(SolutionConfigurationPlatforms) = preSolution
		Debug|Any CPU = Debug|Any CPU
		Release|Any CPU = Release|Any CPU
	EndGlobalSection
	GlobalSection(ProjectConfigurationPlatforms) = postSolution
		{CE6248E6-4784-455E-9725-96221AC4AA9A}.Debug|Any CPU.ActiveCfg = Debug|Any CPU
		{CE6248E6-4784-455E-9725-96221AC4AA9A}.Debug|Any CPU.Build.0 = Debug|Any CPU
		{CE6248E6-4784-455E-9725-96221AC4AA9A}.Release|Any CPU.ActiveCfg = Release|Any CPU
		{CE6248E6-4784-455E-9725-96221AC4AA9A}.Release|Any CPU.Build.0 = Release|Any CPU
	EndGlobalSection
	GlobalSection(SolutionProperties) = preSolution
		HideSolutionNode = FALSE
	EndGlobalSection
	GlobalSection(ExtensibilityGlobals) = postSolution
		SolutionGuid = {8CDB53D0-D9B8-43DE-9D12-FDB5DFFC5985}
	EndGlobalSection
EndGlobal
